
Microsoft Visual Studio Solution File, Format Version 12.00
# Visual Studio Version 16
VisualStudioVersion = 16.0.31702.278
MinimumVisualStudioVersion = 10.0.40219.1
Project("{FAE04EC0-301F-11D3-BF4B-00C04F79EFBC}") = "Projeto", "Projeto.csproj", "{D332F8F6-A52E-469D-AB13-5E65A7B3272A}"
EndProject
Global
	GlobalSection(SolutionConfigurationPlatforms) = preSolution
		Debug|Any CPU = Debug|Any CPU
		Release|Any CPU = Release|Any CPU
	EndGlobalSection
	GlobalSection(ProjectConfigurationPlatforms) = postSolution
		{D332F8F6-A52E-469D-AB13-5E65A7B3272A}.Debug|Any CPU.ActiveCfg = Debug|Any CPU
		{D332F8F6-A52E-469D-AB13-5E65A7B3272A}.Debug|Any CPU.Build.0 = Debug|Any CPU
		{D332F8F6-A52E-469D-AB13-5E65A7B3272A}.Release|Any CPU.ActiveCfg = Release|Any CPU
		{D332F8F6-A52E-469D-AB13-5E65A7B3272A}.Release|Any CPU.Build.0 = Release|Any CPU
	EndGlobalSection
	GlobalSection(SolutionProperties) = preSolution
		HideSolutionNode = FALSE
	EndGlobalSection
	GlobalSection(ExtensibilityGlobals) = postSolution
		SolutionGuid = {27281D88-967C-410D-8C05-B1F63E12AECB}
	EndGlobalSection
EndGlobal
